
Microsoft Visual Studio Solution File, Format Version 12.00
Project("{2150E333-8FDC-42A3-9474-1A3956D46DE8}") = "src", "src", "{D9C5A85C-0CC4-41EA-83F8-4168DE9B01D6}"
EndProject
Project("{FAE04EC0-301F-11D3-BF4B-00C04F79EFBC}") = "Mirage.Client", "src\Mirage.Client\Mirage.Client.csproj", "{C011609A-4638-4F6C-9348-FBFA787D1535}"
EndProject
Project("{FAE04EC0-301F-11D3-BF4B-00C04F79EFBC}") = "Mirage.Server", "src\Mirage.Server\Mirage.Server.csproj", "{0F0899F4-91EA-4EC0-A78E-1570D2D03DC9}"
EndProject
Project("{FAE04EC0-301F-11D3-BF4B-00C04F79EFBC}") = "Mirage.Compat", "src\Mirage.Compat\Mirage.Compat.csproj", "{5920BF94-EAB8-4BEF-94A8-7E5572FED0AA}"
EndProject
Project("{FAE04EC0-301F-11D3-BF4B-00C04F79EFBC}") = "Mirage.Net.Protocol", "src\Mirage.Net.Protocol\Mirage.Net.Protocol.csproj", "{BC701BBC-439A-4C3D-BB68-240723446D21}"
EndProject
Project("{FAE04EC0-301F-11D3-BF4B-00C04F79EFBC}") = "Mirage.Net", "src\Mirage.Net\Mirage.Net.csproj", "{66D95256-83CA-4CEF-8560-E6C2EC16B472}"
EndProject
Project("{FAE04EC0-301F-11D3-BF4B-00C04F79EFBC}") = "Mirage.Game", "src\Mirage.Game\Mirage.Game.csproj", "{17AA3D80-44E4-4FE4-8D4F-3736034E75D2}"
EndProject
Project("{2150E333-8FDC-42A3-9474-1A3956D46DE8}") = "libs", "libs", "{B74945C0-0056-4BC0-BD8D-A852D9527E06}"
EndProject
Project("{2150E333-8FDC-42A3-9474-1A3956D46DE8}") = "dist", "dist", "{9919EB97-6A1A-493D-8DD2-2D57AE35C63B}"
	ProjectSection(SolutionItems) = preProject
		dist\mongo-init.js = dist\mongo-init.js
	EndProjectSection
EndProject
Project("{2150E333-8FDC-42A3-9474-1A3956D46DE8}") = "config", "config", "{2A9B2A2F-52A7-47DE-8B54-8B5333278C8C}"
	ProjectSection(SolutionItems) = preProject
		Directory.Build.props = Directory.Build.props
		docker-compose.yml = docker-compose.yml
		LICENSE = LICENSE
		README.md = README.md
	EndProjectSection
EndProject
Global
	GlobalSection(SolutionConfigurationPlatforms) = preSolution
		Debug|Any CPU = Debug|Any CPU
		Release|Any CPU = Release|Any CPU
	EndGlobalSection
	GlobalSection(NestedProjects) = preSolution
		{C011609A-4638-4F6C-9348-FBFA787D1535} = {D9C5A85C-0CC4-41EA-83F8-4168DE9B01D6}
		{0F0899F4-91EA-4EC0-A78E-1570D2D03DC9} = {D9C5A85C-0CC4-41EA-83F8-4168DE9B01D6}
		{B74945C0-0056-4BC0-BD8D-A852D9527E06} = {D9C5A85C-0CC4-41EA-83F8-4168DE9B01D6}
		{5920BF94-EAB8-4BEF-94A8-7E5572FED0AA} = {B74945C0-0056-4BC0-BD8D-A852D9527E06}
		{17AA3D80-44E4-4FE4-8D4F-3736034E75D2} = {B74945C0-0056-4BC0-BD8D-A852D9527E06}
		{66D95256-83CA-4CEF-8560-E6C2EC16B472} = {B74945C0-0056-4BC0-BD8D-A852D9527E06}
		{BC701BBC-439A-4C3D-BB68-240723446D21} = {B74945C0-0056-4BC0-BD8D-A852D9527E06}
	EndGlobalSection
	GlobalSection(ProjectConfigurationPlatforms) = postSolution
		{C011609A-4638-4F6C-9348-FBFA787D1535}.Debug|Any CPU.ActiveCfg = Debug|Any CPU
		{C011609A-4638-4F6C-9348-FBFA787D1535}.Debug|Any CPU.Build.0 = Debug|Any CPU
		{C011609A-4638-4F6C-9348-FBFA787D1535}.Release|Any CPU.ActiveCfg = Release|Any CPU
		{C011609A-4638-4F6C-9348-FBFA787D1535}.Release|Any CPU.Build.0 = Release|Any CPU
		{0F0899F4-91EA-4EC0-A78E-1570D2D03DC9}.Debug|Any CPU.ActiveCfg = Debug|Any CPU
		{0F0899F4-91EA-4EC0-A78E-1570D2D03DC9}.Debug|Any CPU.Build.0 = Debug|Any CPU
		{0F0899F4-91EA-4EC0-A78E-1570D2D03DC9}.Release|Any CPU.ActiveCfg = Release|Any CPU
		{0F0899F4-91EA-4EC0-A78E-1570D2D03DC9}.Release|Any CPU.Build.0 = Release|Any CPU
		{5920BF94-EAB8-4BEF-94A8-7E5572FED0AA}.Debug|Any CPU.ActiveCfg = Debug|Any CPU
		{5920BF94-EAB8-4BEF-94A8-7E5572FED0AA}.Debug|Any CPU.Build.0 = Debug|Any CPU
		{5920BF94-EAB8-4BEF-94A8-7E5572FED0AA}.Release|Any CPU.ActiveCfg = Release|Any CPU
		{5920BF94-EAB8-4BEF-94A8-7E5572FED0AA}.Release|Any CPU.Build.0 = Release|Any CPU
		{BC701BBC-439A-4C3D-BB68-240723446D21}.Debug|Any CPU.ActiveCfg = Debug|Any CPU
		{BC701BBC-439A-4C3D-BB68-240723446D21}.Debug|Any CPU.Build.0 = Debug|Any CPU
		{BC701BBC-439A-4C3D-BB68-240723446D21}.Release|Any CPU.ActiveCfg = Release|Any CPU
		{BC701BBC-439A-4C3D-BB68-240723446D21}.Release|Any CPU.Build.0 = Release|Any CPU
		{66D95256-83CA-4CEF-8560-E6C2EC16B472}.Debug|Any CPU.ActiveCfg = Debug|Any CPU
		{66D95256-83CA-4CEF-8560-E6C2EC16B472}.Debug|Any CPU.Build.0 = Debug|Any CPU
		{66D95256-83CA-4CEF-8560-E6C2EC16B472}.Release|Any CPU.ActiveCfg = Release|Any CPU
		{66D95256-83CA-4CEF-8560-E6C2EC16B472}.Release|Any CPU.Build.0 = Release|Any CPU
		{17AA3D80-44E4-4FE4-8D4F-3736034E75D2}.Debug|Any CPU.ActiveCfg = Debug|Any CPU
		{17AA3D80-44E4-4FE4-8D4F-3736034E75D2}.Debug|Any CPU.Build.0 = Debug|Any CPU
		{17AA3D80-44E4-4FE4-8D4F-3736034E75D2}.Release|Any CPU.ActiveCfg = Release|Any CPU
		{17AA3D80-44E4-4FE4-8D4F-3736034E75D2}.Release|Any CPU.Build.0 = Release|Any CPU
	EndGlobalSection
EndGlobal
